
Microsoft Visual Studio Solution File, Format Version 12.00
# Visual Studio Version 16
VisualStudioVersion = 16.0.31624.102
MinimumVisualStudioVersion = 10.0.40219.1
Project("{FAE04EC0-301F-11D3-BF4B-00C04F79EFBC}") = "WebApplication1", "WebApplication1\WebApplication1.csproj", "{CF371B12-9FFD-48D6-842E-95869C545415}"
EndProject
Global
	GlobalSection(SolutionConfigurationPlatforms) = preSolution
		Debug|Any CPU = Debug|Any CPU
		Release|Any CPU = Release|Any CPU
	EndGlobalSection
	GlobalSection(ProjectConfigurationPlatforms) = postSolution
		{CF371B12-9FFD-48D6-842E-95869C545415}.Debug|Any CPU.ActiveCfg = Debug|Any CPU
		{CF371B12-9FFD-48D6-842E-95869C545415}.Debug|Any CPU.Build.0 = Debug|Any CPU
		{CF371B12-9FFD-48D6-842E-95869C545415}.Release|Any CPU.ActiveCfg = Release|Any CPU
		{CF371B12-9FFD-48D6-842E-95869C545415}.Release|Any CPU.Build.0 = Release|Any CPU
	EndGlobalSection
	GlobalSection(SolutionProperties) = preSolution
		HideSolutionNode = FALSE
	EndGlobalSection
	GlobalSection(ExtensibilityGlobals) = postSolution
		SolutionGuid = {8188D6C2-077E-4EEF-B4DE-14CC496BA1C9}
	EndGlobalSection
EndGlobal
